
Microsoft Visual Studio Solution File, Format Version 12.00
# Visual Studio Version 17
VisualStudioVersion = 17.4.33213.308
MinimumVisualStudioVersion = 10.0.40219.1
Project("{FAE04EC0-301F-11D3-BF4B-00C04F79EFBC}") = "CafeManagementSystem", "CafeManagementSystem\CafeManagementSystem.csproj", "{AB1900C4-3439-4FF6-BCCA-DBD220B5308D}"
EndProject
Project("{FAE04EC0-301F-11D3-BF4B-00C04F79EFBC}") = "CafeManagementSystem.Tests", "CafeManagementSystem.Tests\CafeManagementSystem.Tests.csproj", "{17C1ED56-06D5-4CE2-AF10-1E2C233BAD21}"
EndProject
Global
	GlobalSection(SolutionConfigurationPlatforms) = preSolution
		Debug|Any CPU = Debug|Any CPU
		Release|Any CPU = Release|Any CPU
	EndGlobalSection
	GlobalSection(ProjectConfigurationPlatforms) = postSolution
		{AB1900C4-3439-4FF6-BCCA-DBD220B5308D}.Debug|Any CPU.ActiveCfg = Debug|Any CPU
		{AB1900C4-3439-4FF6-BCCA-DBD220B5308D}.Debug|Any CPU.Build.0 = Debug|Any CPU
		{AB1900C4-3439-4FF6-BCCA-DBD220B5308D}.Release|Any CPU.ActiveCfg = Release|Any CPU
		{AB1900C4-3439-4FF6-BCCA-DBD220B5308D}.Release|Any CPU.Build.0 = Release|Any CPU
		{17C1ED56-06D5-4CE2-AF10-1E2C233BAD21}.Debug|Any CPU.ActiveCfg = Debug|Any CPU
		{17C1ED56-06D5-4CE2-AF10-1E2C233BAD21}.Debug|Any CPU.Build.0 = Debug|Any CPU
		{17C1ED56-06D5-4CE2-AF10-1E2C233BAD21}.Release|Any CPU.ActiveCfg = Release|Any CPU
		{17C1ED56-06D5-4CE2-AF10-1E2C233BAD21}.Release|Any CPU.Build.0 = Release|Any CPU
	EndGlobalSection
	GlobalSection(SolutionProperties) = preSolution
		HideSolutionNode = FALSE
	EndGlobalSection
	GlobalSection(ExtensibilityGlobals) = postSolution
		SolutionGuid = {FE441145-1067-48AF-9402-F667E35CF00D}
	EndGlobalSection
EndGlobal
